{
  "name": "jazzband",
  "version": "0.0.1",
  "lockfileVersion": 1,
  "requires": true,
  "dependencies": {
    "ireal-reader": {
      "version": "1.2.5",
      "resolved": "https://registry.npmjs.org/ireal-reader/-/ireal-reader-1.2.5.tgz",
      "integrity": "sha512-x01v7UVhqEbfBTidhTFyK6hwDUTC8iJgcsZWKSbjTOj2naFj2SpiPbcYBafod7MJaMujvlrzpiayHHEYJujVUw=="
    },
    "ireal-renderer": {
      "version": "1.1.0",
      "resolved": "https://registry.npmjs.org/ireal-renderer/-/ireal-renderer-1.1.0.tgz",
      "integrity": "sha1-Z0KXIV3cj06qvDRlTFYq8G+CE7s="
    },
    "tonal": {
      "version": "1.1.3",
      "resolved": "https://registry.npmjs.org/tonal/-/tonal-1.1.3.tgz",
      "integrity": "sha512-iX4YkVya9H64QA8sbiNLGR66kBgZ9O+LjSvAYHwKrB9oZZIo5nIC8ZWonnS8sTmqQtWHrLCu3hLMMX8nKM2V4w==",
      "requires": {
        "tonal-array": "^1.1.2",
        "tonal-chord": "^1.1.3",
        "tonal-dictionary": "^1.1.2",
        "tonal-distance": "^1.1.2",
        "tonal-interval": "^1.1.2",
        "tonal-key": "^1.1.2",
        "tonal-note": "^1.1.2",
        "tonal-pcset": "^1.1.2",
        "tonal-scale": "^1.1.2"
      }
    },
    "tonal-array": {
      "version": "1.1.2",
      "resolved": "https://registry.npmjs.org/tonal-array/-/tonal-array-1.1.2.tgz",
      "integrity": "sha512-3Fr5Mi9cYn101SsPHPXYVPn8MJVSoAl320Jb5hHtWgIjWTKYr6mAhKopDw9w5PsQSpPWWikIAM0bnBIFhz6k3A==",
      "requires": {
        "tonal-note": "^1.1.2"
      }
    },
    "tonal-chord": {
      "version": "1.1.3",
      "resolved": "https://registry.npmjs.org/tonal-chord/-/tonal-chord-1.1.3.tgz",
      "integrity": "sha512-kRhmoNrTXUedWLJ06QQwSIkZ47kGoyeRsYjhGHYm4nr4xg8N+UDT+z2CAOK0dm3pb559DUNb433CowzSfvhG8w==",
      "requires": {
        "tonal-dictionary": "^1.1.2",
        "tonal-distance": "^1.1.2",
        "tonal-note": "^1.1.2",
        "tonal-pcset": "^1.1.2"
      }
    },
    "tonal-dictionary": {
      "version": "1.1.2",
      "resolved": "https://registry.npmjs.org/tonal-dictionary/-/tonal-dictionary-1.1.2.tgz",
      "integrity": "sha512-3fZ8zQT3DtBm4vlDH+OkANXzuLhyS+oNzszOvu8WwrQ06zctJlJWC66mvf7QVFzNN8WZNsYck7Fboa7bYK6BUQ==",
      "requires": {
        "tonal-array": "^1.1.2",
        "tonal-note": "^1.1.2",
        "tonal-pcset": "^1.1.2"
      }
    },
    "tonal-distance": {
      "version": "1.1.2",
      "resolved": "https://registry.npmjs.org/tonal-distance/-/tonal-distance-1.1.2.tgz",
      "integrity": "sha512-1tigEt+qrCGNHVsNJdBwyN/+nYr3kPNobLvKP/TWMGipArMAh01zNuRb/mGHym0ov2M0AuYo05khRG3C7v6zxA==",
      "requires": {
        "tonal-interval": "^1.1.2",
        "tonal-note": "^1.1.2"
      }
    },
    "tonal-interval": {
      "version": "1.1.2",
      "resolved": "https://registry.npmjs.org/tonal-interval/-/tonal-interval-1.1.2.tgz",
      "integrity": "sha512-Kj3GPWqRYuQN0SeE86CxLMMgm++fPueWLDHONmx1CZw6NMIyMpml3DQkRpY0PqNpr3y6TbQ0NP2jBAHVLtwEpg=="
    },
    "tonal-key": {
      "version": "1.1.2",
      "resolved": "https://registry.npmjs.org/tonal-key/-/tonal-key-1.1.2.tgz",
      "integrity": "sha512-KNESnJmV9Q7IOWUJwgsBBDjwXoC4cxLl3OoKBsXNFYWOGgfKQ4yeGH6eHqMSssEmxq1I5k3Z3xfoOw2IOKZ0LA==",
      "requires": {
        "tonal-array": "^1.1.2",
        "tonal-distance": "^1.1.2",
        "tonal-note": "^1.1.2"
      }
    },
    "tonal-note": {
      "version": "1.1.2",
      "resolved": "https://registry.npmjs.org/tonal-note/-/tonal-note-1.1.2.tgz",
      "integrity": "sha512-55qd84LNDWokK0SHikqpc7mUHtbFiNvAnxW4VwOoQxiwy9qsM1Bx0bNsw8oWRimZitTiKNDGxGPiMgyGQO8P1w=="
    },
    "tonal-pcset": {
      "version": "1.1.2",
      "resolved": "https://registry.npmjs.org/tonal-pcset/-/tonal-pcset-1.1.2.tgz",
      "integrity": "sha512-KeZX4qlDv6fSjwSHa14LYOQuM8Ym9iE0iwd2ewBszlnaiO4V6zT6SyeePrJzCSMW87jI5BMe7nVeCd1BkCgK9Q==",
      "requires": {
        "tonal-array": "^1.1.2",
        "tonal-interval": "^1.1.2",
        "tonal-note": "^1.1.2"
      }
    },
    "tonal-scale": {
      "version": "1.1.2",
      "resolved": "https://registry.npmjs.org/tonal-scale/-/tonal-scale-1.1.2.tgz",
      "integrity": "sha512-TKcZOAexYO1VanKsRebhlqTpUF632FshWG44r9SmoicgVGEbHqKCxLrrwwnU5kfeXJ7tRsIqloJaJF1jfz6C6A==",
      "requires": {
        "tonal-array": "^1.1.2",
        "tonal-dictionary": "^1.1.2",
        "tonal-distance": "^1.1.2",
        "tonal-note": "^1.1.2",
        "tonal-pcset": "^1.1.2"
      }
    },
    "typescript": {
      "version": "3.1.0-dev.20180804",
      "resolved": "https://registry.npmjs.org/typescript/-/typescript-3.1.0-dev.20180804.tgz",
      "integrity": "sha512-4R45oI/Jj/MDGlqFxzZTFgyASsBpEGOOQKsedPZQq9PfsIPFGA2WuSlU6riv5j/t8sDYsZhZjhw3BfP3ZOJD5g==",
      "dev": true
    },
    "waaclock": {
      "version": "0.5.3",
      "resolved": "https://registry.npmjs.org/waaclock/-/waaclock-0.5.3.tgz",
      "integrity": "sha1-TT3/G4PrQ5+3I134JxuJHi/Fots="
    }
  }
}
